// !$*UTF8*$!
{
	archiveVersion = 1;
	classes = {
	};
	objectVersion = 56;
	objects = {

/* Begin PBXBuildFile section */
		211534A429A391F0003C8F6B /* StockDataAllView.swift in Sources */ = {isa = PBXBuildFile; fileRef = 211534A329A391F0003C8F6B /* StockDataAllView.swift */; };
		21A19F3429A2B3C30068BA4C /* StockRankSwiftUIApp.swift in Sources */ = {isa = PBXBuildFile; fileRef = 21A19F3329A2B3C30068BA4C /* StockRankSwiftUIApp.swift */; };
		21A19F3829A2B3C40068BA4C /* Assets.xcassets in Resources */ = {isa = PBXBuildFile; fileRef = 21A19F3729A2B3C40068BA4C /* Assets.xcassets */; };
		21A19F3B29A2B3C40068BA4C /* Preview Assets.xcassets in Resources */ = {isa = PBXBuildFile; fileRef = 21A19F3A29A2B3C40068BA4C /* Preview Assets.xcassets */; };
		21A19F4529A2B3C40068BA4C /* StockRankSwiftUITests.swift in Sources */ = {isa = PBXBuildFile; fileRef = 21A19F4429A2B3C40068BA4C /* StockRankSwiftUITests.swift */; };
		21A19F4F29A2B3C40068BA4C /* StockRankSwiftUIUITests.swift in Sources */ = {isa = PBXBuildFile; fileRef = 21A19F4E29A2B3C40068BA4C /* StockRankSwiftUIUITests.swift */; };
		21A19F5129A2B3C40068BA4C /* StockRankSwiftUIUITestsLaunchTests.swift in Sources */ = {isa = PBXBuildFile; fileRef = 21A19F5029A2B3C40068BA4C /* StockRankSwiftUIUITestsLaunchTests.swift */; };
		21A19F5E29A2B4430068BA4C /* StockModel.swift in Sources */ = {isa = PBXBuildFile; fileRef = 21A19F5D29A2B4430068BA4C /* StockModel.swift */; };
		21A19F6029A2B47E0068BA4C /* StockRankView.swift in Sources */ = {isa = PBXBuildFile; fileRef = 21A19F5F29A2B47E0068BA4C /* StockRankView.swift */; };
		21A19F6229A2B5400068BA4C /* StockRankRow.swift in Sources */ = {isa = PBXBuildFile; fileRef = 21A19F6129A2B5400068BA4C /* StockRankRow.swift */; };
/* End PBXBuildFile section */

/* Begin PBXContainerItemProxy section */
		21A19F4129A2B3C40068BA4C /* PBXContainerItemProxy */ = {
			isa = PBXContainerItemProxy;
			containerPortal = 21A19F2829A2B3C30068BA4C /* Project object */;
			proxyType = 1;
			remoteGlobalIDString = 21A19F2F29A2B3C30068BA4C;
			remoteInfo = StockRankSwiftUI;
		};
		21A19F4B29A2B3C40068BA4C /* PBXContainerItemProxy */ = {
			isa = PBXContainerItemProxy;
			containerPortal = 21A19F2829A2B3C30068BA4C /* Project object */;
			proxyType = 1;
			remoteGlobalIDString = 21A19F2F29A2B3C30068BA4C;
			remoteInfo = StockRankSwiftUI;
		};
/* End PBXContainerItemProxy section */

/* Begin PBXFileReference section */
		211534A329A391F0003C8F6B /* StockDataAllView.swift */ = {isa = PBXFileReference; lastKnownFileType = sourcecode.swift; path = StockDataAllView.swift; sourceTree = "<group>"; };
		21A19F3029A2B3C30068BA4C /* StockRankSwiftUI.app */ = {isa = PBXFileReference; explicitFileType = wrapper.application; includeInIndex = 0; path = StockRankSwiftUI.app; sourceTree = BUILT_PRODUCTS_DIR; };
		21A19F3329A2B3C30068BA4C /* StockRankSwiftUIApp.swift */ = {isa = PBXFileReference; lastKnownFileType = sourcecode.swift; path = StockRankSwiftUIApp.swift; sourceTree = "<group>"; };
		21A19F3729A2B3C40068BA4C /* Assets.xcassets */ = {isa = PBXFileReference; lastKnownFileType = folder.assetcatalog; path = Assets.xcassets; sourceTree = "<group>"; };
		21A19F3A29A2B3C40068BA4C /* Preview Assets.xcassets */ = {isa = PBXFileReference; lastKnownFileType = folder.assetcatalog; path = "Preview Assets.xcassets"; sourceTree = "<group>"; };
		21A19F4029A2B3C40068BA4C /* StockRankSwiftUITests.xctest */ = {isa = PBXFileReference; explicitFileType = wrapper.cfbundle; includeInIndex = 0; path = StockRankSwiftUITests.xctest; sourceTree = BUILT_PRODUCTS_DIR; };
		21A19F4429A2B3C40068BA4C /* StockRankSwiftUITests.swift */ = {isa = PBXFileReference; lastKnownFileType = sourcecode.swift; path = StockRankSwiftUITests.swift; sourceTree = "<group>"; };
		21A19F4A29A2B3C40068BA4C /* StockRankSwiftUIUITests.xctest */ = {isa = PBXFileReference; explicitFileType = wrapper.cfbundle; includeInIndex = 0; path = StockRankSwiftUIUITests.xctest; sourceTree = BUILT_PRODUCTS_DIR; };
		21A19F4E29A2B3C40068BA4C /* StockRankSwiftUIUITests.swift */ = {isa = PBXFileReference; lastKnownFileType = sourcecode.swift; path = StockRankSwiftUIUITests.swift; sourceTree = "<group>"; };
		21A19F5029A2B3C40068BA4C /* StockRankSwiftUIUITestsLaunchTests.swift */ = {isa = PBXFileReference; lastKnownFileType = sourcecode.swift; path = StockRankSwiftUIUITestsLaunchTests.swift; sourceTree = "<group>"; };
		21A19F5D29A2B4430068BA4C /* StockModel.swift */ = {isa = PBXFileReference; lastKnownFileType = sourcecode.swift; path = StockModel.swift; sourceTree = "<group>"; };
		21A19F5F29A2B47E0068BA4C /* StockRankView.swift */ = {isa = PBXFileReference; lastKnownFileType = sourcecode.swift; path = StockRankView.swift; sourceTree = "<group>"; };
		21A19F6129A2B5400068BA4C /* StockRankRow.swift */ = {isa = PBXFileReference; lastKnownFileType = sourcecode.swift; path = StockRankRow.swift; sourceTree = "<group>"; };
/* End PBXFileReference section */

/* Begin PBXFrameworksBuildPhase section */
		21A19F2D29A2B3C30068BA4C /* Frameworks */ = {
			isa = PBXFrameworksBuildPhase;
			buildActionMask = 2147483647;
			files = (
			);
			runOnlyForDeploymentPostprocessing = 0;
		};
		21A19F3D29A2B3C40068BA4C /* Frameworks */ = {
			isa = PBXFrameworksBuildPhase;
			buildActionMask = 2147483647;
			files = (
			);
			runOnlyForDeploymentPostprocessing = 0;
		};
		21A19F4729A2B3C40068BA4C /* Frameworks */ = {
			isa = PBXFrameworksBuildPhase;
			buildActionMask = 2147483647;
			files = (
			);
			runOnlyForDeploymentPostprocessing = 0;
		};
/* End PBXFrameworksBuildPhase section */

/* Begin PBXGroup section */
		21A19F2729A2B3C30068BA4C = {
			isa = PBXGroup;
			children = (
				21A19F3229A2B3C30068BA4C /* StockRankSwiftUI */,
				21A19F4329A2B3C40068BA4C /* StockRankSwiftUITests */,
				21A19F4D29A2B3C40068BA4C /* StockRankSwiftUIUITests */,
				21A19F3129A2B3C30068BA4C /* Products */,
			);
			sourceTree = "<group>";
		};
		21A19F3129A2B3C30068BA4C /* Products */ = {
			isa = PBXGroup;
			children = (
				21A19F3029A2B3C30068BA4C /* StockRankSwiftUI.app */,
				21A19F4029A2B3C40068BA4C /* StockRankSwiftUITests.xctest */,
				21A19F4A29A2B3C40068BA4C /* StockRankSwiftUIUITests.xctest */,
			);
			name = Products;
			sourceTree = "<group>";
		};
		21A19F3229A2B3C30068BA4C /* StockRankSwiftUI */ = {
			isa = PBXGroup;
			children = (
				21A19F3329A2B3C30068BA4C /* StockRankSwiftUIApp.swift */,
				21A19F5D29A2B4430068BA4C /* StockModel.swift */,
				21A19F5F29A2B47E0068BA4C /* StockRankView.swift */,
				211534A329A391F0003C8F6B /* StockDataAllView.swift */,
				21A19F6129A2B5400068BA4C /* StockRankRow.swift */,
				21A19F3729A2B3C40068BA4C /* Assets.xcassets */,
				21A19F3929A2B3C40068BA4C /* Preview Content */,
			);
			path = StockRankSwiftUI;
			sourceTree = "<group>";
		};
		21A19F3929A2B3C40068BA4C /* Preview Content */ = {
			isa = PBXGroup;
			children = (
				21A19F3A29A2B3C40068BA4C /* Preview Assets.xcassets */,
			);
			path = "Preview Content";
			sourceTree = "<group>";
		};
		21A19F4329A2B3C40068BA4C /* StockRankSwiftUITests */ = {
			isa = PBXGroup;
			children = (
				21A19F4429A2B3C40068BA4C /* StockRankSwiftUITests.swift */,
			);
			path = StockRankSwiftUITests;
			sourceTree = "<group>";
		};
		21A19F4D29A2B3C40068BA4C /* StockRankSwiftUIUITests */ = {
			isa = PBXGroup;
			children = (
				21A19F4E29A2B3C40068BA4C /* StockRankSwiftUIUITests.swift */,
				21A19F5029A2B3C40068BA4C /* StockRankSwiftUIUITestsLaunchTests.swift */,
			);
			path = StockRankSwiftUIUITests;
			sourceTree = "<group>";
		};
/* End PBXGroup section */

/* Begin PBXNativeTarget section */
		21A19F2F29A2B3C30068BA4C /* StockRankSwiftUI */ = {
			isa = PBXNativeTarget;
			buildConfigurationList = 21A19F5429A2B3C40068BA4C /* Build configuration list for PBXNativeTarget "StockRankSwiftUI" */;
			buildPhases = (
				21A19F2C29A2B3C30068BA4C /* Sources */,
				21A19F2D29A2B3C30068BA4C /* Frameworks */,
				21A19F2E29A2B3C30068BA4C /* Resources */,
			);
			buildRules = (
			);
			dependencies = (
			);
			name = StockRankSwiftUI;
			productName = StockRankSwiftUI;
			productReference = 21A19F3029A2B3C30068BA4C /* StockRankSwiftUI.app */;
			productType = "com.apple.product-type.application";
		};
		21A19F3F29A2B3C40068BA4C /* StockRankSwiftUITests */ = {
			isa = PBXNativeTarget;
			buildConfigurationList = 21A19F5729A2B3C40068BA4C /* Build configuration list for PBXNativeTarget "StockRankSwiftUITests" */;
			buildPhases = (
				21A19F3C29A2B3C40068BA4C /* Sources */,
				21A19F3D29A2B3C40068BA4C /* Frameworks */,
				21A19F3E29A2B3C40068BA4C /* Resources */,
			);
			buildRules = (
			);
			dependencies = (
				21A19F4229A2B3C40068BA4C /* PBXTargetDependency */,
			);
			name = StockRankSwiftUITests;
			productName = StockRankSwiftUITests;
			productReference = 21A19F4029A2B3C40068BA4C /* StockRankSwiftUITests.xctest */;
			productType = "com.apple.product-type.bundle.unit-test";
		};
		21A19F4929A2B3C40068BA4C /* StockRankSwiftUIUITests */ = {
			isa = PBXNativeTarget;
			buildConfigurationList = 21A19F5A29A2B3C40068BA4C /* Build configuration list for PBXNativeTarget "StockRankSwiftUIUITests" */;
			buildPhases = (
				21A19F4629A2B3C40068BA4C /* Sources */,
				21A19F4729A2B3C40068BA4C /* Frameworks */,
				21A19F4829A2B3C40068BA4C /* Resources */,
			);
			buildRules = (
			);
			dependencies = (
				21A19F4C29A2B3C40068BA4C /* PBXTargetDependency */,
			);
			name = StockRankSwiftUIUITests;
			productName = StockRankSwiftUIUITests;
			productReference = 21A19F4A29A2B3C40068BA4C /* StockRankSwiftUIUITests.xctest */;
			productType = "com.apple.product-type.bundle.ui-testing";
		};
/* End PBXNativeTarget section */

/* Begin PBXProject section */
		21A19F2829A2B3C30068BA4C /* Project object */ = {
			isa = PBXProject;
			attributes = {
				BuildIndependentTargetsInParallel = 1;
				LastSwiftUpdateCheck = 1420;
				LastUpgradeCheck = 1420;
				TargetAttributes = {
					21A19F2F29A2B3C30068BA4C = {
						CreatedOnToolsVersion = 14.2;
					};
					21A19F3F29A2B3C40068BA4C = {
						CreatedOnToolsVersion = 14.2;
						TestTargetID = 21A19F2F29A2B3C30068BA4C;
					};
					21A19F4929A2B3C40068BA4C = {
						CreatedOnToolsVersion = 14.2;
						TestTargetID = 21A19F2F29A2B3C30068BA4C;
					};
				};
			};
			buildConfigurationList = 21A19F2B29A2B3C30068BA4C /* Build configuration list for PBXProject "StockRankSwiftUI" */;
			compatibilityVersion = "Xcode 14.0";
			developmentRegion = en;
			hasScannedForEncodings = 0;
			knownRegions = (
				en,
				Base,
			);
			mainGroup = 21A19F2729A2B3C30068BA4C;
			productRefGroup = 21A19F3129A2B3C30068BA4C /* Products */;
			projectDirPath = "";
			projectRoot = "";
			targets = (
				21A19F2F29A2B3C30068BA4C /* StockRankSwiftUI */,
				21A19F3F29A2B3C40068BA4C /* StockRankSwiftUITests */,
				21A19F4929A2B3C40068BA4C /* StockRankSwiftUIUITests */,
			);
		};
/* End PBXProject section */

/* Begin PBXResourcesBuildPhase section */
		21A19F2E29A2B3C30068BA4C /* Resources */ = {
			isa = PBXResourcesBuildPhase;
			buildActionMask = 2147483647;
			files = (
				21A19F3B29A2B3C40068BA4C /* Preview Assets.xcassets in Resources */,
				21A19F3829A2B3C40068BA4C /* Assets.xcassets in Resources */,
			);
			runOnlyForDeploymentPostprocessing = 0;
		};
		21A19F3E29A2B3C40068BA4C /* Resources */ = {
			isa = PBXResourcesBuildPhase;
			buildActionMask = 2147483647;
			files = (
			);
			runOnlyForDeploymentPostprocessing = 0;
		};
		21A19F4829A2B3C40068BA4C /* Resources */ = {
			isa = PBXResourcesBuildPhase;
			buildActionMask = 2147483647;
			files = (
			);
			runOnlyForDeploymentPostprocessing = 0;
		};
/* End PBXResourcesBuildPhase section */

/* Begin PBXSourcesBuildPhase section */
		21A19F2C29A2B3C30068BA4C /* Sources */ = {
			isa = PBXSourcesBuildPhase;
			buildActionMask = 2147483647;
			files = (
				21A19F6029A2B47E0068BA4C /* StockRankView.swift in Sources */,
				21A19F6229A2B5400068BA4C /* StockRankRow.swift in Sources */,
				21A19F3429A2B3C30068BA4C /* StockRankSwiftUIApp.swift in Sources */,
				211534A429A391F0003C8F6B /* StockDataAllView.swift in Sources */,
				21A19F5E29A2B4430068BA4C /* StockModel.swift in Sources */,
			);
			runOnlyForDeploymentPostprocessing = 0;
		};
		21A19F3C29A2B3C40068BA4C /* Sources */ = {
			isa = PBXSourcesBuildPhase;
			buildActionMask = 2147483647;
			files = (
				21A19F4529A2B3C40068BA4C /* StockRankSwiftUITests.swift in Sources */,
			);
			runOnlyForDeploymentPostprocessing = 0;
		};
		21A19F4629A2B3C40068BA4C /* Sources */ = {
			isa = PBXSourcesBuildPhase;
			buildActionMask = 2147483647;
			files = (
				21A19F4F29A2B3C40068BA4C /* StockRankSwiftUIUITests.swift in Sources */,
				21A19F5129A2B3C40068BA4C /* StockRankSwiftUIUITestsLaunchTests.swift in Sources */,
			);
			runOnlyForDeploymentPostprocessing = 0;
		};
/* End PBXSourcesBuildPhase section */

/* Begin PBXTargetDependency section */
		21A19F4229A2B3C40068BA4C /* PBXTargetDependency */ = {
			isa = PBXTargetDependency;
			target = 21A19F2F29A2B3C30068BA4C /* StockRankSwiftUI */;
			targetProxy = 21A19F4129A2B3C40068BA4C /* PBXContainerItemProxy */;
		};
		21A19F4C29A2B3C40068BA4C /* PBXTargetDependency */ = {
			isa = PBXTargetDependency;
			target = 21A19F2F29A2B3C30068BA4C /* StockRankSwiftUI */;
			targetProxy = 21A19F4B29A2B3C40068BA4C /* PBXContainerItemProxy */;
		};
/* End PBXTargetDependency section */

/* Begin XCBuildConfiguration section */
		21A19F5229A2B3C40068BA4C /* Debug */ = {
			isa = XCBuildConfiguration;
			buildSettings = {
				ALWAYS_SEARCH_USER_PATHS = NO;
				CLANG_ANALYZER_NONNULL = YES;
				CLANG_ANALYZER_NUMBER_OBJECT_CONVERSION = YES_AGGRESSIVE;
				CLANG_CXX_LANGUAGE_STANDARD = "gnu++20";
				CLANG_ENABLE_MODULES = YES;
				CLANG_ENABLE_OBJC_ARC = YES;
				CLANG_ENABLE_OBJC_WEAK = YES;
				CLANG_WARN_BLOCK_CAPTURE_AUTORELEASING = YES;
				CLANG_WARN_BOOL_CONVERSION = YES;
				CLANG_WARN_COMMA = YES;
				CLANG_WARN_CONSTANT_CONVERSION = YES;
				CLANG_WARN_DEPRECATED_OBJC_IMPLEMENTATIONS = YES;
				CLANG_WARN_DIRECT_OBJC_ISA_USAGE = YES_ERROR;
				CLANG_WARN_DOCUMENTATION_COMMENTS = YES;
				CLANG_WARN_EMPTY_BODY = YES;
				CLANG_WARN_ENUM_CONVERSION = YES;
				CLANG_WARN_INFINITE_RECURSION = YES;
				CLANG_WARN_INT_CONVERSION = YES;
				CLANG_WARN_NON_LITERAL_NULL_CONVERSION = YES;
				CLANG_WARN_OBJC_IMPLICIT_RETAIN_SELF = YES;
				CLANG_WARN_OBJC_LITERAL_CONVERSION = YES;
				CLANG_WARN_OBJC_ROOT_CLASS = YES_ERROR;
				CLANG_WARN_QUOTED_INCLUDE_IN_FRAMEWORK_HEADER = YES;
				CLANG_WARN_RANGE_LOOP_ANALYSIS = YES;
				CLANG_WARN_STRICT_PROTOTYPES = YES;
				CLANG_WARN_SUSPICIOUS_MOVE = YES;
				CLANG_WARN_UNGUARDED_AVAILABILITY = YES_AGGRESSIVE;
				CLANG_WARN_UNREACHABLE_CODE = YES;
				CLANG_WARN__DUPLICATE_METHOD_MATCH = YES;
				COPY_PHASE_STRIP = NO;
				DEBUG_INFORMATION_FORMAT = dwarf;
				ENABLE_STRICT_OBJC_MSGSEND = YES;
				ENABLE_TESTABILITY = YES;
				GCC_C_LANGUAGE_STANDARD = gnu11;
				GCC_DYNAMIC_NO_PIC = NO;
				GCC_NO_COMMON_BLOCKS = YES;
				GCC_OPTIMIZATION_LEVEL = 0;
				GCC_PREPROCESSOR_DEFINITIONS = (
					"DEBUG=1",
					"$(inherited)",
				);
				GCC_WARN_64_TO_32_BIT_CONVERSION = YES;
				GCC_WARN_ABOUT_RETURN_TYPE = YES_ERROR;
				GCC_WARN_UNDECLARED_SELECTOR = YES;
				GCC_WARN_UNINITIALIZED_AUTOS = YES_AGGRESSIVE;
				GCC_WARN_UNUSED_FUNCTION = YES;
				GCC_WARN_UNUSED_VARIABLE = YES;
				IPHONEOS_DEPLOYMENT_TARGET = 16.2;
				MTL_ENABLE_DEBUG_INFO = INCLUDE_SOURCE;
				MTL_FAST_MATH = YES;
				ONLY_ACTIVE_ARCH = YES;
				SDKROOT = iphoneos;
				SWIFT_ACTIVE_COMPILATION_CONDITIONS = DEBUG;
				SWIFT_OPTIMIZATION_LEVEL = "-Onone";
			};
			name = Debug;
		};
		21A19F5329A2B3C40068BA4C /* Release */ = {
			isa = XCBuildConfiguration;
			buildSettings = {
				ALWAYS_SEARCH_USER_PATHS = NO;
				CLANG_ANALYZER_NONNULL = YES;
				CLANG_ANALYZER_NUMBER_OBJECT_CONVERSION = YES_AGGRESSIVE;
				CLANG_CXX_LANGUAGE_STANDARD = "gnu++20";
				CLANG_ENABLE_MODULES = YES;
				CLANG_ENABLE_OBJC_ARC = YES;
				CLANG_ENABLE_OBJC_WEAK = YES;
				CLANG_WARN_BLOCK_CAPTURE_AUTORELEASING = YES;
				CLANG_WARN_BOOL_CONVERSION = YES;
				CLANG_WARN_COMMA = YES;
				CLANG_WARN_CONSTANT_CONVERSION = YES;
				CLANG_WARN_DEPRECATED_OBJC_IMPLEMENTATIONS = YES;
				CLANG_WARN_DIRECT_OBJC_ISA_USAGE = YES_ERROR;
				CLANG_WARN_DOCUMENTATION_COMMENTS = YES;
				CLANG_WARN_EMPTY_BODY = YES;
				CLANG_WARN_ENUM_CONVERSION = YES;
				CLANG_WARN_INFINITE_RECURSION = YES;
				CLANG_WARN_INT_CONVERSION = YES;
				CLANG_WARN_NON_LITERAL_NULL_CONVERSION = YES;
				CLANG_WARN_OBJC_IMPLICIT_RETAIN_SELF = YES;
				CLANG_WARN_OBJC_LITERAL_CONVERSION = YES;
				CLANG_WARN_OBJC_ROOT_CLASS = YES_ERROR;
				CLANG_WARN_QUOTED_INCLUDE_IN_FRAMEWORK_HEADER = YES;
				CLANG_WARN_RANGE_LOOP_ANALYSIS = YES;
				CLANG_WARN_STRICT_PROTOTYPES = YES;
				CLANG_WARN_SUSPICIOUS_MOVE = YES;
				CLANG_WARN_UNGUARDED_AVAILABILITY = YES_AGGRESSIVE;
				CLANG_WARN_UNREACHABLE_CODE = YES;
				CLANG_WARN__DUPLICATE_METHOD_MATCH = YES;
				COPY_PHASE_STRIP = NO;
				DEBUG_INFORMATION_FORMAT = "dwarf-with-dsym";
				ENABLE_NS_ASSERTIONS = NO;
				ENABLE_STRICT_OBJC_MSGSEND = YES;
				GCC_C_LANGUAGE_STANDARD = gnu11;
				GCC_NO_COMMON_BLOCKS = YES;
				GCC_WARN_64_TO_32_BIT_CONVERSION = YES;
				GCC_WARN_ABOUT_RETURN_TYPE = YES_ERROR;
				GCC_WARN_UNDECLARED_SELECTOR = YES;
				GCC_WARN_UNINITIALIZED_AUTOS = YES_AGGRESSIVE;
				GCC_WARN_UNUSED_FUNCTION = YES;
				GCC_WARN_UNUSED_VARIABLE = YES;
				IPHONEOS_DEPLOYMENT_TARGET = 16.2;
				MTL_ENABLE_DEBUG_INFO = NO;
				MTL_FAST_MATH = YES;
				SDKROOT = iphoneos;
				SWIFT_COMPILATION_MODE = wholemodule;
				SWIFT_OPTIMIZATION_LEVEL = "-O";
				VALIDATE_PRODUCT = YES;
			};
			name = Release;
		};
		21A19F5529A2B3C40068BA4C /* Debug */ = {
			isa = XCBuildConfiguration;
			buildSettings = {
				ASSETCATALOG_COMPILER_APPICON_NAME = AppIcon;
				ASSETCATALOG_COMPILER_GLOBAL_ACCENT_COLOR_NAME = AccentColor;
				CODE_SIGN_STYLE = Automatic;
				CURRENT_PROJECT_VERSION = 1;
				DEVELOPMENT_ASSET_PATHS = "\"StockRankSwiftUI/Preview Content\"";
				DEVELOPMENT_TEAM = F5WP2FDW4U;
				ENABLE_PREVIEWS = YES;
				GENERATE_INFOPLIST_FILE = YES;
				INFOPLIST_KEY_UIApplicationSceneManifest_Generation = YES;
				INFOPLIST_KEY_UIApplicationSupportsIndirectInputEvents = YES;
				INFOPLIST_KEY_UILaunchScreen_Generation = YES;
				INFOPLIST_KEY_UISupportedInterfaceOrientations_iPad = "UIInterfaceOrientationPortrait UIInterfaceOrientationPortraitUpsideDown UIInterfaceOrientationLandscapeLeft UIInterfaceOrientationLandscapeRight";
				INFOPLIST_KEY_UISupportedInterfaceOrientations_iPhone = "UIInterfaceOrientationPortrait UIInterfaceOrientationLandscapeLeft UIInterfaceOrientationLandscapeRight";
				LD_RUNPATH_SEARCH_PATHS = (
					"$(inherited)",
					"@executable_path/Frameworks",
				);
				MARKETING_VERSION = 1.0;
				PRODUCT_BUNDLE_IDENTIFIER = solitary.StockRankSwiftUI;
				PRODUCT_NAME = "$(TARGET_NAME)";
				SWIFT_EMIT_LOC_STRINGS = YES;
				SWIFT_VERSION = 5.0;
				TARGETED_DEVICE_FAMILY = "1,2";
			};
			name = Debug;
		};
		21A19F5629A2B3C40068BA4C /* Release */ = {
			isa = XCBuildConfiguration;
			buildSettings = {
				ASSETCATALOG_COMPILER_APPICON_NAME = AppIcon;
				ASSETCATALOG_COMPILER_GLOBAL_ACCENT_COLOR_NAME = AccentColor;
				CODE_SIGN_STYLE = Automatic;
				CURRENT_PROJECT_VERSION = 1;
				DEVELOPMENT_ASSET_PATHS = "\"StockRankSwiftUI/Preview Content\"";
				DEVELOPMENT_TEAM = F5WP2FDW4U;
				ENABLE_PREVIEWS = YES;
				GENERATE_INFOPLIST_FILE = YES;
				INFOPLIST_KEY_UIApplicationSceneManifest_Generation = YES;
				INFOPLIST_KEY_UIApplicationSupportsIndirectInputEvents = YES;
				INFOPLIST_KEY_UILaunchScreen_Generation = YES;
				INFOPLIST_KEY_UISupportedInterfaceOrientations_iPad = "UIInterfaceOrientationPortrait UIInterfaceOrientationPortraitUpsideDown UIInterfaceOrientationLandscapeLeft UIInterfaceOrientationLandscapeRight";
				INFOPLIST_KEY_UISupportedInterfaceOrientations_iPhone = "UIInterfaceOrientationPortrait UIInterfaceOrientationLandscapeLeft UIInterfaceOrientationLandscapeRight";
				LD_RUNPATH_SEARCH_PATHS = (
					"$(inherited)",
					"@executable_path/Frameworks",
				);
				MARKETING_VERSION = 1.0;
				PRODUCT_BUNDLE_IDENTIFIER = solitary.StockRankSwiftUI;
				PRODUCT_NAME = "$(TARGET_NAME)";
				SWIFT_EMIT_LOC_STRINGS = YES;
				SWIFT_VERSION = 5.0;
				TARGETED_DEVICE_FAMILY = "1,2";
			};
			name = Release;
		};
		21A19F5829A2B3C40068BA4C /* Debug */ = {
			isa = XCBuildConfiguration;
			buildSettings = {
				ALWAYS_EMBED_SWIFT_STANDARD_LIBRARIES = YES;
				BUNDLE_LOADER = "$(TEST_HOST)";
				CODE_SIGN_STYLE = Automatic;
				CURRENT_PROJECT_VERSION = 1;
				DEVELOPMENT_TEAM = F5WP2FDW4U;
				GENERATE_INFOPLIST_FILE = YES;
				IPHONEOS_DEPLOYMENT_TARGET = 16.2;
				MARKETING_VERSION = 1.0;
				PRODUCT_BUNDLE_IDENTIFIER = solitary.StockRankSwiftUITests;
				PRODUCT_NAME = "$(TARGET_NAME)";
				SWIFT_EMIT_LOC_STRINGS = NO;
				SWIFT_VERSION = 5.0;
				TARGETED_DEVICE_FAMILY = "1,2";
				TEST_HOST = "$(BUILT_PRODUCTS_DIR)/StockRankSwiftUI.app/$(BUNDLE_EXECUTABLE_FOLDER_PATH)/StockRankSwiftUI";
			};
			name = Debug;
		};
		21A19F5929A2B3C40068BA4C /* Release */ = {
			isa = XCBuildConfiguration;
			buildSettings = {
				ALWAYS_EMBED_SWIFT_STANDARD_LIBRARIES = YES;
				BUNDLE_LOADER = "$(TEST_HOST)";
				CODE_SIGN_STYLE = Automatic;
				CURRENT_PROJECT_VERSION = 1;
				DEVELOPMENT_TEAM = F5WP2FDW4U;
				GENERATE_INFOPLIST_FILE = YES;
				IPHONEOS_DEPLOYMENT_TARGET = 16.2;
				MARKETING_VERSION = 1.0;
				PRODUCT_BUNDLE_IDENTIFIER = solitary.StockRankSwiftUITests;
				PRODUCT_NAME = "$(TARGET_NAME)";
				SWIFT_EMIT_LOC_STRINGS = NO;
				SWIFT_VERSION = 5.0;
				TARGETED_DEVICE_FAMILY = "1,2";
				TEST_HOST = "$(BUILT_PRODUCTS_DIR)/StockRankSwiftUI.app/$(BUNDLE_EXECUTABLE_FOLDER_PATH)/StockRankSwiftUI";
			};
			name = Release;
		};
		21A19F5B29A2B3C40068BA4C /* Debug */ = {
			isa = XCBuildConfiguration;
			buildSettings = {
				ALWAYS_EMBED_SWIFT_STANDARD_LIBRARIES = YES;
				CODE_SIGN_STYLE = Automatic;
				CURRENT_PROJECT_VERSION = 1;
				DEVELOPMENT_TEAM = F5WP2FDW4U;
				GENERATE_INFOPLIST_FILE = YES;
				MARKETING_VERSION = 1.0;
				PRODUCT_BUNDLE_IDENTIFIER = solitary.StockRankSwiftUIUITests;
				PRODUCT_NAME = "$(TARGET_NAME)";
				SWIFT_EMIT_LOC_STRINGS = NO;
				SWIFT_VERSION = 5.0;
				TARGETED_DEVICE_FAMILY = "1,2";
				TEST_TARGET_NAME = StockRankSwiftUI;
			};
			name = Debug;
		};
		21A19F5C29A2B3C40068BA4C /* Release */ = {
			isa = XCBuildConfiguration;
			buildSettings = {
				ALWAYS_EMBED_SWIFT_STANDARD_LIBRARIES = YES;
				CODE_SIGN_STYLE = Automatic;
				CURRENT_PROJECT_VERSION = 1;
				DEVELOPMENT_TEAM = F5WP2FDW4U;
				GENERATE_INFOPLIST_FILE = YES;
				MARKETING_VERSION = 1.0;
				PRODUCT_BUNDLE_IDENTIFIER = solitary.StockRankSwiftUIUITests;
				PRODUCT_NAME = "$(TARGET_NAME)";
				SWIFT_EMIT_LOC_STRINGS = NO;
				SWIFT_VERSION = 5.0;
				TARGETED_DEVICE_FAMILY = "1,2";
				TEST_TARGET_NAME = StockRankSwiftUI;
			};
			name = Release;
		};
/* End XCBuildConfiguration section */

/* Begin XCConfigurationList section */
		21A19F2B29A2B3C30068BA4C /* Build configuration list for PBXProject "StockRankSwiftUI" */ = {
			isa = XCConfigurationList;
			buildConfigurations = (
				21A19F5229A2B3C40068BA4C /* Debug */,
				21A19F5329A2B3C40068BA4C /* Release */,
			);
			defaultConfigurationIsVisible = 0;
			defaultConfigurationName = Release;
		};
		21A19F5429A2B3C40068BA4C /* Build configuration list for PBXNativeTarget "StockRankSwiftUI" */ = {
			isa = XCConfigurationList;
			buildConfigurations = (
				21A19F5529A2B3C40068BA4C /* Debug */,
				21A19F5629A2B3C40068BA4C /* Release */,
			);
			defaultConfigurationIsVisible = 0;
			defaultConfigurationName = Release;
		};
		21A19F5729A2B3C40068BA4C /* Build configuration list for PBXNativeTarget "StockRankSwiftUITests" */ = {
			isa = XCConfigurationList;
			buildConfigurations = (
				21A19F5829A2B3C40068BA4C /* Debug */,
				21A19F5929A2B3C40068BA4C /* Release */,
			);
			defaultConfigurationIsVisible = 0;
			defaultConfigurationName = Release;
		};
		21A19F5A29A2B3C40068BA4C /* Build configuration list for PBXNativeTarget "StockRankSwiftUIUITests" */ = {
			isa = XCConfigurationList;
			buildConfigurations = (
				21A19F5B29A2B3C40068BA4C /* Debug */,
				21A19F5C29A2B3C40068BA4C /* Release */,
			);
			defaultConfigurationIsVisible = 0;
			defaultConfigurationName = Release;
		};
/* End XCConfigurationList section */
	};
	rootObject = 21A19F2829A2B3C30068BA4C /* Project object */;
}
