// !$*UTF8*$!
{
	archiveVersion = 1;
	classes = {
	};
	objectVersion = 56;
	objects = {

/* Begin PBXBuildFile section */
		210FC701299A9DFF00C5E42F /* AppDelegate.swift in Sources */ = {isa = PBXBuildFile; fileRef = 210FC700299A9DFF00C5E42F /* AppDelegate.swift */; };
		210FC703299A9DFF00C5E42F /* SceneDelegate.swift in Sources */ = {isa = PBXBuildFile; fileRef = 210FC702299A9DFF00C5E42F /* SceneDelegate.swift */; };
		210FC708299A9DFF00C5E42F /* Main.storyboard in Resources */ = {isa = PBXBuildFile; fileRef = 210FC706299A9DFF00C5E42F /* Main.storyboard */; };
		210FC70A299A9E0000C5E42F /* Assets.xcassets in Resources */ = {isa = PBXBuildFile; fileRef = 210FC709299A9E0000C5E42F /* Assets.xcassets */; };
		210FC70D299A9E0000C5E42F /* LaunchScreen.storyboard in Resources */ = {isa = PBXBuildFile; fileRef = 210FC70B299A9E0000C5E42F /* LaunchScreen.storyboard */; };
		210FC718299A9E0000C5E42F /* SimpleWeatherTests.swift in Sources */ = {isa = PBXBuildFile; fileRef = 210FC717299A9E0000C5E42F /* SimpleWeatherTests.swift */; };
		210FC722299A9E0000C5E42F /* SimpleWeatherUITests.swift in Sources */ = {isa = PBXBuildFile; fileRef = 210FC721299A9E0000C5E42F /* SimpleWeatherUITests.swift */; };
		210FC724299A9E0000C5E42F /* SimpleWeatherUITestsLaunchTests.swift in Sources */ = {isa = PBXBuildFile; fileRef = 210FC723299A9E0000C5E42F /* SimpleWeatherUITestsLaunchTests.swift */; };
		210FC731299A9F4000C5E42F /* WeatherViewController.swift in Sources */ = {isa = PBXBuildFile; fileRef = 210FC730299A9F4000C5E42F /* WeatherViewController.swift */; };
/* End PBXBuildFile section */

/* Begin PBXContainerItemProxy section */
		210FC714299A9E0000C5E42F /* PBXContainerItemProxy */ = {
			isa = PBXContainerItemProxy;
			containerPortal = 210FC6F5299A9DFF00C5E42F /* Project object */;
			proxyType = 1;
			remoteGlobalIDString = 210FC6FC299A9DFF00C5E42F;
			remoteInfo = SimpleWeather;
		};
		210FC71E299A9E0000C5E42F /* PBXContainerItemProxy */ = {
			isa = PBXContainerItemProxy;
			containerPortal = 210FC6F5299A9DFF00C5E42F /* Project object */;
			proxyType = 1;
			remoteGlobalIDString = 210FC6FC299A9DFF00C5E42F;
			remoteInfo = SimpleWeather;
		};
/* End PBXContainerItemProxy section */

/* Begin PBXFileReference section */
		210FC6FD299A9DFF00C5E42F /* SimpleWeather.app */ = {isa = PBXFileReference; explicitFileType = wrapper.application; includeInIndex = 0; path = SimpleWeather.app; sourceTree = BUILT_PRODUCTS_DIR; };
		210FC700299A9DFF00C5E42F /* AppDelegate.swift */ = {isa = PBXFileReference; lastKnownFileType = sourcecode.swift; path = AppDelegate.swift; sourceTree = "<group>"; };
		210FC702299A9DFF00C5E42F /* SceneDelegate.swift */ = {isa = PBXFileReference; lastKnownFileType = sourcecode.swift; path = SceneDelegate.swift; sourceTree = "<group>"; };
		210FC707299A9DFF00C5E42F /* Base */ = {isa = PBXFileReference; lastKnownFileType = file.storyboard; name = Base; path = Base.lproj/Main.storyboard; sourceTree = "<group>"; };
		210FC709299A9E0000C5E42F /* Assets.xcassets */ = {isa = PBXFileReference; lastKnownFileType = folder.assetcatalog; path = Assets.xcassets; sourceTree = "<group>"; };
		210FC70C299A9E0000C5E42F /* Base */ = {isa = PBXFileReference; lastKnownFileType = file.storyboard; name = Base; path = Base.lproj/LaunchScreen.storyboard; sourceTree = "<group>"; };
		210FC70E299A9E0000C5E42F /* Info.plist */ = {isa = PBXFileReference; lastKnownFileType = text.plist.xml; path = Info.plist; sourceTree = "<group>"; };
		210FC713299A9E0000C5E42F /* SimpleWeatherTests.xctest */ = {isa = PBXFileReference; explicitFileType = wrapper.cfbundle; includeInIndex = 0; path = SimpleWeatherTests.xctest; sourceTree = BUILT_PRODUCTS_DIR; };
		210FC717299A9E0000C5E42F /* SimpleWeatherTests.swift */ = {isa = PBXFileReference; lastKnownFileType = sourcecode.swift; path = SimpleWeatherTests.swift; sourceTree = "<group>"; };
		210FC71D299A9E0000C5E42F /* SimpleWeatherUITests.xctest */ = {isa = PBXFileReference; explicitFileType = wrapper.cfbundle; includeInIndex = 0; path = SimpleWeatherUITests.xctest; sourceTree = BUILT_PRODUCTS_DIR; };
		210FC721299A9E0000C5E42F /* SimpleWeatherUITests.swift */ = {isa = PBXFileReference; lastKnownFileType = sourcecode.swift; path = SimpleWeatherUITests.swift; sourceTree = "<group>"; };
		210FC723299A9E0000C5E42F /* SimpleWeatherUITestsLaunchTests.swift */ = {isa = PBXFileReference; lastKnownFileType = sourcecode.swift; path = SimpleWeatherUITestsLaunchTests.swift; sourceTree = "<group>"; };
		210FC730299A9F4000C5E42F /* WeatherViewController.swift */ = {isa = PBXFileReference; lastKnownFileType = sourcecode.swift; path = WeatherViewController.swift; sourceTree = "<group>"; };
/* End PBXFileReference section */

/* Begin PBXFrameworksBuildPhase section */
		210FC6FA299A9DFF00C5E42F /* Frameworks */ = {
			isa = PBXFrameworksBuildPhase;
			buildActionMask = 2147483647;
			files = (
			);
			runOnlyForDeploymentPostprocessing = 0;
		};
		210FC710299A9E0000C5E42F /* Frameworks */ = {
			isa = PBXFrameworksBuildPhase;
			buildActionMask = 2147483647;
			files = (
			);
			runOnlyForDeploymentPostprocessing = 0;
		};
		210FC71A299A9E0000C5E42F /* Frameworks */ = {
			isa = PBXFrameworksBuildPhase;
			buildActionMask = 2147483647;
			files = (
			);
			runOnlyForDeploymentPostprocessing = 0;
		};
/* End PBXFrameworksBuildPhase section */

/* Begin PBXGroup section */
		210FC6F4299A9DFF00C5E42F = {
			isa = PBXGroup;
			children = (
				210FC6FF299A9DFF00C5E42F /* SimpleWeather */,
				210FC716299A9E0000C5E42F /* SimpleWeatherTests */,
				210FC720299A9E0000C5E42F /* SimpleWeatherUITests */,
				210FC6FE299A9DFF00C5E42F /* Products */,
			);
			sourceTree = "<group>";
		};
		210FC6FE299A9DFF00C5E42F /* Products */ = {
			isa = PBXGroup;
			children = (
				210FC6FD299A9DFF00C5E42F /* SimpleWeather.app */,
				210FC713299A9E0000C5E42F /* SimpleWeatherTests.xctest */,
				210FC71D299A9E0000C5E42F /* SimpleWeatherUITests.xctest */,
			);
			name = Products;
			sourceTree = "<group>";
		};
		210FC6FF299A9DFF00C5E42F /* SimpleWeather */ = {
			isa = PBXGroup;
			children = (
				210FC700299A9DFF00C5E42F /* AppDelegate.swift */,
				210FC702299A9DFF00C5E42F /* SceneDelegate.swift */,
				210FC706299A9DFF00C5E42F /* Main.storyboard */,
				210FC730299A9F4000C5E42F /* WeatherViewController.swift */,
				210FC709299A9E0000C5E42F /* Assets.xcassets */,
				210FC70B299A9E0000C5E42F /* LaunchScreen.storyboard */,
				210FC70E299A9E0000C5E42F /* Info.plist */,
			);
			path = SimpleWeather;
			sourceTree = "<group>";
		};
		210FC716299A9E0000C5E42F /* SimpleWeatherTests */ = {
			isa = PBXGroup;
			children = (
				210FC717299A9E0000C5E42F /* SimpleWeatherTests.swift */,
			);
			path = SimpleWeatherTests;
			sourceTree = "<group>";
		};
		210FC720299A9E0000C5E42F /* SimpleWeatherUITests */ = {
			isa = PBXGroup;
			children = (
				210FC721299A9E0000C5E42F /* SimpleWeatherUITests.swift */,
				210FC723299A9E0000C5E42F /* SimpleWeatherUITestsLaunchTests.swift */,
			);
			path = SimpleWeatherUITests;
			sourceTree = "<group>";
		};
/* End PBXGroup section */

/* Begin PBXNativeTarget section */
		210FC6FC299A9DFF00C5E42F /* SimpleWeather */ = {
			isa = PBXNativeTarget;
			buildConfigurationList = 210FC727299A9E0000C5E42F /* Build configuration list for PBXNativeTarget "SimpleWeather" */;
			buildPhases = (
				210FC6F9299A9DFF00C5E42F /* Sources */,
				210FC6FA299A9DFF00C5E42F /* Frameworks */,
				210FC6FB299A9DFF00C5E42F /* Resources */,
			);
			buildRules = (
			);
			dependencies = (
			);
			name = SimpleWeather;
			productName = SimpleWeather;
			productReference = 210FC6FD299A9DFF00C5E42F /* SimpleWeather.app */;
			productType = "com.apple.product-type.application";
		};
		210FC712299A9E0000C5E42F /* SimpleWeatherTests */ = {
			isa = PBXNativeTarget;
			buildConfigurationList = 210FC72A299A9E0000C5E42F /* Build configuration list for PBXNativeTarget "SimpleWeatherTests" */;
			buildPhases = (
				210FC70F299A9E0000C5E42F /* Sources */,
				210FC710299A9E0000C5E42F /* Frameworks */,
				210FC711299A9E0000C5E42F /* Resources */,
			);
			buildRules = (
			);
			dependencies = (
				210FC715299A9E0000C5E42F /* PBXTargetDependency */,
			);
			name = SimpleWeatherTests;
			productName = SimpleWeatherTests;
			productReference = 210FC713299A9E0000C5E42F /* SimpleWeatherTests.xctest */;
			productType = "com.apple.product-type.bundle.unit-test";
		};
		210FC71C299A9E0000C5E42F /* SimpleWeatherUITests */ = {
			isa = PBXNativeTarget;
			buildConfigurationList = 210FC72D299A9E0000C5E42F /* Build configuration list for PBXNativeTarget "SimpleWeatherUITests" */;
			buildPhases = (
				210FC719299A9E0000C5E42F /* Sources */,
				210FC71A299A9E0000C5E42F /* Frameworks */,
				210FC71B299A9E0000C5E42F /* Resources */,
			);
			buildRules = (
			);
			dependencies = (
				210FC71F299A9E0000C5E42F /* PBXTargetDependency */,
			);
			name = SimpleWeatherUITests;
			productName = SimpleWeatherUITests;
			productReference = 210FC71D299A9E0000C5E42F /* SimpleWeatherUITests.xctest */;
			productType = "com.apple.product-type.bundle.ui-testing";
		};
/* End PBXNativeTarget section */

/* Begin PBXProject section */
		210FC6F5299A9DFF00C5E42F /* Project object */ = {
			isa = PBXProject;
			attributes = {
				BuildIndependentTargetsInParallel = 1;
				LastSwiftUpdateCheck = 1420;
				LastUpgradeCheck = 1420;
				TargetAttributes = {
					210FC6FC299A9DFF00C5E42F = {
						CreatedOnToolsVersion = 14.2;
					};
					210FC712299A9E0000C5E42F = {
						CreatedOnToolsVersion = 14.2;
						TestTargetID = 210FC6FC299A9DFF00C5E42F;
					};
					210FC71C299A9E0000C5E42F = {
						CreatedOnToolsVersion = 14.2;
						TestTargetID = 210FC6FC299A9DFF00C5E42F;
					};
				};
			};
			buildConfigurationList = 210FC6F8299A9DFF00C5E42F /* Build configuration list for PBXProject "SimpleWeather" */;
			compatibilityVersion = "Xcode 14.0";
			developmentRegion = en;
			hasScannedForEncodings = 0;
			knownRegions = (
				en,
				Base,
			);
			mainGroup = 210FC6F4299A9DFF00C5E42F;
			productRefGroup = 210FC6FE299A9DFF00C5E42F /* Products */;
			projectDirPath = "";
			projectRoot = "";
			targets = (
				210FC6FC299A9DFF00C5E42F /* SimpleWeather */,
				210FC712299A9E0000C5E42F /* SimpleWeatherTests */,
				210FC71C299A9E0000C5E42F /* SimpleWeatherUITests */,
			);
		};
/* End PBXProject section */

/* Begin PBXResourcesBuildPhase section */
		210FC6FB299A9DFF00C5E42F /* Resources */ = {
			isa = PBXResourcesBuildPhase;
			buildActionMask = 2147483647;
			files = (
				210FC70D299A9E0000C5E42F /* LaunchScreen.storyboard in Resources */,
				210FC70A299A9E0000C5E42F /* Assets.xcassets in Resources */,
				210FC708299A9DFF00C5E42F /* Main.storyboard in Resources */,
			);
			runOnlyForDeploymentPostprocessing = 0;
		};
		210FC711299A9E0000C5E42F /* Resources */ = {
			isa = PBXResourcesBuildPhase;
			buildActionMask = 2147483647;
			files = (
			);
			runOnlyForDeploymentPostprocessing = 0;
		};
		210FC71B299A9E0000C5E42F /* Resources */ = {
			isa = PBXResourcesBuildPhase;
			buildActionMask = 2147483647;
			files = (
			);
			runOnlyForDeploymentPostprocessing = 0;
		};
/* End PBXResourcesBuildPhase section */

/* Begin PBXSourcesBuildPhase section */
		210FC6F9299A9DFF00C5E42F /* Sources */ = {
			isa = PBXSourcesBuildPhase;
			buildActionMask = 2147483647;
			files = (
				210FC701299A9DFF00C5E42F /* AppDelegate.swift in Sources */,
				210FC731299A9F4000C5E42F /* WeatherViewController.swift in Sources */,
				210FC703299A9DFF00C5E42F /* SceneDelegate.swift in Sources */,
			);
			runOnlyForDeploymentPostprocessing = 0;
		};
		210FC70F299A9E0000C5E42F /* Sources */ = {
			isa = PBXSourcesBuildPhase;
			buildActionMask = 2147483647;
			files = (
				210FC718299A9E0000C5E42F /* SimpleWeatherTests.swift in Sources */,
			);
			runOnlyForDeploymentPostprocessing = 0;
		};
		210FC719299A9E0000C5E42F /* Sources */ = {
			isa = PBXSourcesBuildPhase;
			buildActionMask = 2147483647;
			files = (
				210FC722299A9E0000C5E42F /* SimpleWeatherUITests.swift in Sources */,
				210FC724299A9E0000C5E42F /* SimpleWeatherUITestsLaunchTests.swift in Sources */,
			);
			runOnlyForDeploymentPostprocessing = 0;
		};
/* End PBXSourcesBuildPhase section */

/* Begin PBXTargetDependency section */
		210FC715299A9E0000C5E42F /* PBXTargetDependency */ = {
			isa = PBXTargetDependency;
			target = 210FC6FC299A9DFF00C5E42F /* SimpleWeather */;
			targetProxy = 210FC714299A9E0000C5E42F /* PBXContainerItemProxy */;
		};
		210FC71F299A9E0000C5E42F /* PBXTargetDependency */ = {
			isa = PBXTargetDependency;
			target = 210FC6FC299A9DFF00C5E42F /* SimpleWeather */;
			targetProxy = 210FC71E299A9E0000C5E42F /* PBXContainerItemProxy */;
		};
/* End PBXTargetDependency section */

/* Begin PBXVariantGroup section */
		210FC706299A9DFF00C5E42F /* Main.storyboard */ = {
			isa = PBXVariantGroup;
			children = (
				210FC707299A9DFF00C5E42F /* Base */,
			);
			name = Main.storyboard;
			sourceTree = "<group>";
		};
		210FC70B299A9E0000C5E42F /* LaunchScreen.storyboard */ = {
			isa = PBXVariantGroup;
			children = (
				210FC70C299A9E0000C5E42F /* Base */,
			);
			name = LaunchScreen.storyboard;
			sourceTree = "<group>";
		};
/* End PBXVariantGroup section */

/* Begin XCBuildConfiguration section */
		210FC725299A9E0000C5E42F /* Debug */ = {
			isa = XCBuildConfiguration;
			buildSettings = {
				ALWAYS_SEARCH_USER_PATHS = NO;
				CLANG_ANALYZER_NONNULL = YES;
				CLANG_ANALYZER_NUMBER_OBJECT_CONVERSION = YES_AGGRESSIVE;
				CLANG_CXX_LANGUAGE_STANDARD = "gnu++20";
				CLANG_ENABLE_MODULES = YES;
				CLANG_ENABLE_OBJC_ARC = YES;
				CLANG_ENABLE_OBJC_WEAK = YES;
				CLANG_WARN_BLOCK_CAPTURE_AUTORELEASING = YES;
				CLANG_WARN_BOOL_CONVERSION = YES;
				CLANG_WARN_COMMA = YES;
				CLANG_WARN_CONSTANT_CONVERSION = YES;
				CLANG_WARN_DEPRECATED_OBJC_IMPLEMENTATIONS = YES;
				CLANG_WARN_DIRECT_OBJC_ISA_USAGE = YES_ERROR;
				CLANG_WARN_DOCUMENTATION_COMMENTS = YES;
				CLANG_WARN_EMPTY_BODY = YES;
				CLANG_WARN_ENUM_CONVERSION = YES;
				CLANG_WARN_INFINITE_RECURSION = YES;
				CLANG_WARN_INT_CONVERSION = YES;
				CLANG_WARN_NON_LITERAL_NULL_CONVERSION = YES;
				CLANG_WARN_OBJC_IMPLICIT_RETAIN_SELF = YES;
				CLANG_WARN_OBJC_LITERAL_CONVERSION = YES;
				CLANG_WARN_OBJC_ROOT_CLASS = YES_ERROR;
				CLANG_WARN_QUOTED_INCLUDE_IN_FRAMEWORK_HEADER = YES;
				CLANG_WARN_RANGE_LOOP_ANALYSIS = YES;
				CLANG_WARN_STRICT_PROTOTYPES = YES;
				CLANG_WARN_SUSPICIOUS_MOVE = YES;
				CLANG_WARN_UNGUARDED_AVAILABILITY = YES_AGGRESSIVE;
				CLANG_WARN_UNREACHABLE_CODE = YES;
				CLANG_WARN__DUPLICATE_METHOD_MATCH = YES;
				COPY_PHASE_STRIP = NO;
				DEBUG_INFORMATION_FORMAT = dwarf;
				ENABLE_STRICT_OBJC_MSGSEND = YES;
				ENABLE_TESTABILITY = YES;
				GCC_C_LANGUAGE_STANDARD = gnu11;
				GCC_DYNAMIC_NO_PIC = NO;
				GCC_NO_COMMON_BLOCKS = YES;
				GCC_OPTIMIZATION_LEVEL = 0;
				GCC_PREPROCESSOR_DEFINITIONS = (
					"DEBUG=1",
					"$(inherited)",
				);
				GCC_WARN_64_TO_32_BIT_CONVERSION = YES;
				GCC_WARN_ABOUT_RETURN_TYPE = YES_ERROR;
				GCC_WARN_UNDECLARED_SELECTOR = YES;
				GCC_WARN_UNINITIALIZED_AUTOS = YES_AGGRESSIVE;
				GCC_WARN_UNUSED_FUNCTION = YES;
				GCC_WARN_UNUSED_VARIABLE = YES;
				IPHONEOS_DEPLOYMENT_TARGET = 16.2;
				MTL_ENABLE_DEBUG_INFO = INCLUDE_SOURCE;
				MTL_FAST_MATH = YES;
				ONLY_ACTIVE_ARCH = YES;
				SDKROOT = iphoneos;
				SWIFT_ACTIVE_COMPILATION_CONDITIONS = DEBUG;
				SWIFT_OPTIMIZATION_LEVEL = "-Onone";
			};
			name = Debug;
		};
		210FC726299A9E0000C5E42F /* Release */ = {
			isa = XCBuildConfiguration;
			buildSettings = {
				ALWAYS_SEARCH_USER_PATHS = NO;
				CLANG_ANALYZER_NONNULL = YES;
				CLANG_ANALYZER_NUMBER_OBJECT_CONVERSION = YES_AGGRESSIVE;
				CLANG_CXX_LANGUAGE_STANDARD = "gnu++20";
				CLANG_ENABLE_MODULES = YES;
				CLANG_ENABLE_OBJC_ARC = YES;
				CLANG_ENABLE_OBJC_WEAK = YES;
				CLANG_WARN_BLOCK_CAPTURE_AUTORELEASING = YES;
				CLANG_WARN_BOOL_CONVERSION = YES;
				CLANG_WARN_COMMA = YES;
				CLANG_WARN_CONSTANT_CONVERSION = YES;
				CLANG_WARN_DEPRECATED_OBJC_IMPLEMENTATIONS = YES;
				CLANG_WARN_DIRECT_OBJC_ISA_USAGE = YES_ERROR;
				CLANG_WARN_DOCUMENTATION_COMMENTS = YES;
				CLANG_WARN_EMPTY_BODY = YES;
				CLANG_WARN_ENUM_CONVERSION = YES;
				CLANG_WARN_INFINITE_RECURSION = YES;
				CLANG_WARN_INT_CONVERSION = YES;
				CLANG_WARN_NON_LITERAL_NULL_CONVERSION = YES;
				CLANG_WARN_OBJC_IMPLICIT_RETAIN_SELF = YES;
				CLANG_WARN_OBJC_LITERAL_CONVERSION = YES;
				CLANG_WARN_OBJC_ROOT_CLASS = YES_ERROR;
				CLANG_WARN_QUOTED_INCLUDE_IN_FRAMEWORK_HEADER = YES;
				CLANG_WARN_RANGE_LOOP_ANALYSIS = YES;
				CLANG_WARN_STRICT_PROTOTYPES = YES;
				CLANG_WARN_SUSPICIOUS_MOVE = YES;
				CLANG_WARN_UNGUARDED_AVAILABILITY = YES_AGGRESSIVE;
				CLANG_WARN_UNREACHABLE_CODE = YES;
				CLANG_WARN__DUPLICATE_METHOD_MATCH = YES;
				COPY_PHASE_STRIP = NO;
				DEBUG_INFORMATION_FORMAT = "dwarf-with-dsym";
				ENABLE_NS_ASSERTIONS = NO;
				ENABLE_STRICT_OBJC_MSGSEND = YES;
				GCC_C_LANGUAGE_STANDARD = gnu11;
				GCC_NO_COMMON_BLOCKS = YES;
				GCC_WARN_64_TO_32_BIT_CONVERSION = YES;
				GCC_WARN_ABOUT_RETURN_TYPE = YES_ERROR;
				GCC_WARN_UNDECLARED_SELECTOR = YES;
				GCC_WARN_UNINITIALIZED_AUTOS = YES_AGGRESSIVE;
				GCC_WARN_UNUSED_FUNCTION = YES;
				GCC_WARN_UNUSED_VARIABLE = YES;
				IPHONEOS_DEPLOYMENT_TARGET = 16.2;
				MTL_ENABLE_DEBUG_INFO = NO;
				MTL_FAST_MATH = YES;
				SDKROOT = iphoneos;
				SWIFT_COMPILATION_MODE = wholemodule;
				SWIFT_OPTIMIZATION_LEVEL = "-O";
				VALIDATE_PRODUCT = YES;
			};
			name = Release;
		};
		210FC728299A9E0000C5E42F /* Debug */ = {
			isa = XCBuildConfiguration;
			buildSettings = {
				ASSETCATALOG_COMPILER_APPICON_NAME = AppIcon;
				ASSETCATALOG_COMPILER_GLOBAL_ACCENT_COLOR_NAME = AccentColor;
				CODE_SIGN_STYLE = Automatic;
				CURRENT_PROJECT_VERSION = 1;
				DEVELOPMENT_TEAM = F5WP2FDW4U;
				GENERATE_INFOPLIST_FILE = YES;
				INFOPLIST_FILE = SimpleWeather/Info.plist;
				INFOPLIST_KEY_UIApplicationSupportsIndirectInputEvents = YES;
				INFOPLIST_KEY_UILaunchStoryboardName = LaunchScreen;
				INFOPLIST_KEY_UIMainStoryboardFile = Main;
				INFOPLIST_KEY_UISupportedInterfaceOrientations_iPad = "UIInterfaceOrientationPortrait UIInterfaceOrientationPortraitUpsideDown UIInterfaceOrientationLandscapeLeft UIInterfaceOrientationLandscapeRight";
				INFOPLIST_KEY_UISupportedInterfaceOrientations_iPhone = "UIInterfaceOrientationPortrait UIInterfaceOrientationLandscapeLeft UIInterfaceOrientationLandscapeRight";
				LD_RUNPATH_SEARCH_PATHS = (
					"$(inherited)",
					"@executable_path/Frameworks",
				);
				MARKETING_VERSION = 1.0;
				PRODUCT_BUNDLE_IDENTIFIER = solitary.SimpleWeather;
				PRODUCT_NAME = "$(TARGET_NAME)";
				SWIFT_EMIT_LOC_STRINGS = YES;
				SWIFT_VERSION = 5.0;
				TARGETED_DEVICE_FAMILY = "1,2";
			};
			name = Debug;
		};
		210FC729299A9E0000C5E42F /* Release */ = {
			isa = XCBuildConfiguration;
			buildSettings = {
				ASSETCATALOG_COMPILER_APPICON_NAME = AppIcon;
				ASSETCATALOG_COMPILER_GLOBAL_ACCENT_COLOR_NAME = AccentColor;
				CODE_SIGN_STYLE = Automatic;
				CURRENT_PROJECT_VERSION = 1;
				DEVELOPMENT_TEAM = F5WP2FDW4U;
				GENERATE_INFOPLIST_FILE = YES;
				INFOPLIST_FILE = SimpleWeather/Info.plist;
				INFOPLIST_KEY_UIApplicationSupportsIndirectInputEvents = YES;
				INFOPLIST_KEY_UILaunchStoryboardName = LaunchScreen;
				INFOPLIST_KEY_UIMainStoryboardFile = Main;
				INFOPLIST_KEY_UISupportedInterfaceOrientations_iPad = "UIInterfaceOrientationPortrait UIInterfaceOrientationPortraitUpsideDown UIInterfaceOrientationLandscapeLeft UIInterfaceOrientationLandscapeRight";
				INFOPLIST_KEY_UISupportedInterfaceOrientations_iPhone = "UIInterfaceOrientationPortrait UIInterfaceOrientationLandscapeLeft UIInterfaceOrientationLandscapeRight";
				LD_RUNPATH_SEARCH_PATHS = (
					"$(inherited)",
					"@executable_path/Frameworks",
				);
				MARKETING_VERSION = 1.0;
				PRODUCT_BUNDLE_IDENTIFIER = solitary.SimpleWeather;
				PRODUCT_NAME = "$(TARGET_NAME)";
				SWIFT_EMIT_LOC_STRINGS = YES;
				SWIFT_VERSION = 5.0;
				TARGETED_DEVICE_FAMILY = "1,2";
			};
			name = Release;
		};
		210FC72B299A9E0000C5E42F /* Debug */ = {
			isa = XCBuildConfiguration;
			buildSettings = {
				ALWAYS_EMBED_SWIFT_STANDARD_LIBRARIES = YES;
				BUNDLE_LOADER = "$(TEST_HOST)";
				CODE_SIGN_STYLE = Automatic;
				CURRENT_PROJECT_VERSION = 1;
				DEVELOPMENT_TEAM = F5WP2FDW4U;
				GENERATE_INFOPLIST_FILE = YES;
				IPHONEOS_DEPLOYMENT_TARGET = 16.2;
				MARKETING_VERSION = 1.0;
				PRODUCT_BUNDLE_IDENTIFIER = solitary.SimpleWeatherTests;
				PRODUCT_NAME = "$(TARGET_NAME)";
				SWIFT_EMIT_LOC_STRINGS = NO;
				SWIFT_VERSION = 5.0;
				TARGETED_DEVICE_FAMILY = "1,2";
				TEST_HOST = "$(BUILT_PRODUCTS_DIR)/SimpleWeather.app/$(BUNDLE_EXECUTABLE_FOLDER_PATH)/SimpleWeather";
			};
			name = Debug;
		};
		210FC72C299A9E0000C5E42F /* Release */ = {
			isa = XCBuildConfiguration;
			buildSettings = {
				ALWAYS_EMBED_SWIFT_STANDARD_LIBRARIES = YES;
				BUNDLE_LOADER = "$(TEST_HOST)";
				CODE_SIGN_STYLE = Automatic;
				CURRENT_PROJECT_VERSION = 1;
				DEVELOPMENT_TEAM = F5WP2FDW4U;
				GENERATE_INFOPLIST_FILE = YES;
				IPHONEOS_DEPLOYMENT_TARGET = 16.2;
				MARKETING_VERSION = 1.0;
				PRODUCT_BUNDLE_IDENTIFIER = solitary.SimpleWeatherTests;
				PRODUCT_NAME = "$(TARGET_NAME)";
				SWIFT_EMIT_LOC_STRINGS = NO;
				SWIFT_VERSION = 5.0;
				TARGETED_DEVICE_FAMILY = "1,2";
				TEST_HOST = "$(BUILT_PRODUCTS_DIR)/SimpleWeather.app/$(BUNDLE_EXECUTABLE_FOLDER_PATH)/SimpleWeather";
			};
			name = Release;
		};
		210FC72E299A9E0000C5E42F /* Debug */ = {
			isa = XCBuildConfiguration;
			buildSettings = {
				ALWAYS_EMBED_SWIFT_STANDARD_LIBRARIES = YES;
				CODE_SIGN_STYLE = Automatic;
				CURRENT_PROJECT_VERSION = 1;
				DEVELOPMENT_TEAM = F5WP2FDW4U;
				GENERATE_INFOPLIST_FILE = YES;
				MARKETING_VERSION = 1.0;
				PRODUCT_BUNDLE_IDENTIFIER = solitary.SimpleWeatherUITests;
				PRODUCT_NAME = "$(TARGET_NAME)";
				SWIFT_EMIT_LOC_STRINGS = NO;
				SWIFT_VERSION = 5.0;
				TARGETED_DEVICE_FAMILY = "1,2";
				TEST_TARGET_NAME = SimpleWeather;
			};
			name = Debug;
		};
		210FC72F299A9E0000C5E42F /* Release */ = {
			isa = XCBuildConfiguration;
			buildSettings = {
				ALWAYS_EMBED_SWIFT_STANDARD_LIBRARIES = YES;
				CODE_SIGN_STYLE = Automatic;
				CURRENT_PROJECT_VERSION = 1;
				DEVELOPMENT_TEAM = F5WP2FDW4U;
				GENERATE_INFOPLIST_FILE = YES;
				MARKETING_VERSION = 1.0;
				PRODUCT_BUNDLE_IDENTIFIER = solitary.SimpleWeatherUITests;
				PRODUCT_NAME = "$(TARGET_NAME)";
				SWIFT_EMIT_LOC_STRINGS = NO;
				SWIFT_VERSION = 5.0;
				TARGETED_DEVICE_FAMILY = "1,2";
				TEST_TARGET_NAME = SimpleWeather;
			};
			name = Release;
		};
/* End XCBuildConfiguration section */

/* Begin XCConfigurationList section */
		210FC6F8299A9DFF00C5E42F /* Build configuration list for PBXProject "SimpleWeather" */ = {
			isa = XCConfigurationList;
			buildConfigurations = (
				210FC725299A9E0000C5E42F /* Debug */,
				210FC726299A9E0000C5E42F /* Release */,
			);
			defaultConfigurationIsVisible = 0;
			defaultConfigurationName = Release;
		};
		210FC727299A9E0000C5E42F /* Build configuration list for PBXNativeTarget "SimpleWeather" */ = {
			isa = XCConfigurationList;
			buildConfigurations = (
				210FC728299A9E0000C5E42F /* Debug */,
				210FC729299A9E0000C5E42F /* Release */,
			);
			defaultConfigurationIsVisible = 0;
			defaultConfigurationName = Release;
		};
		210FC72A299A9E0000C5E42F /* Build configuration list for PBXNativeTarget "SimpleWeatherTests" */ = {
			isa = XCConfigurationList;
			buildConfigurations = (
				210FC72B299A9E0000C5E42F /* Debug */,
				210FC72C299A9E0000C5E42F /* Release */,
			);
			defaultConfigurationIsVisible = 0;
			defaultConfigurationName = Release;
		};
		210FC72D299A9E0000C5E42F /* Build configuration list for PBXNativeTarget "SimpleWeatherUITests" */ = {
			isa = XCConfigurationList;
			buildConfigurations = (
				210FC72E299A9E0000C5E42F /* Debug */,
				210FC72F299A9E0000C5E42F /* Release */,
			);
			defaultConfigurationIsVisible = 0;
			defaultConfigurationName = Release;
		};
/* End XCConfigurationList section */
	};
	rootObject = 210FC6F5299A9DFF00C5E42F /* Project object */;
}
